
Microsoft Visual Studio Solution File, Format Version 12.00
# Visual Studio 15
VisualStudioVersion = 15.0.27428.2043
MinimumVisualStudioVersion = 10.0.40219.1
Project("{2150E333-8FDC-42A3-9474-1A3956D46DE8}") = "Libs", "Libs", "{4A7DB9EC-EE70-401A-AE2E-E557A2562BFF}"
EndProject
Project("{2150E333-8FDC-42A3-9474-1A3956D46DE8}") = "Isodata", "Isodata", "{526A98E1-0817-4BE4-949C-445C55A7BA85}"
EndProject
Project("{FAE04EC0-301F-11D3-BF4B-00C04F79EFBC}") = "Isodata", "Libs\Isodata\Isodata\Isodata.csproj", "{9E3E9A96-0DF5-4521-950D-B6E302EAE61B}"
EndProject
Project("{FAE04EC0-301F-11D3-BF4B-00C04F79EFBC}") = "Isodata.Abstraction", "Libs\Isodata\Isodata.Abstraction\Isodata.Abstraction.csproj", "{EE531A5C-60A9-48D6-AC4C-FCDE12DDC4D8}"
EndProject
Project("{FAE04EC0-301F-11D3-BF4B-00C04F79EFBC}") = "Isodata.Helpers", "Libs\Isodata\Isodata.Helpers\Isodata.Helpers.csproj", "{96BD2CA5-FD08-41F1-AABF-AB749BA05030}"
EndProject
Project("{FAE04EC0-301F-11D3-BF4B-00C04F79EFBC}") = "Isodata.Objects", "Libs\Isodata\Isodata.Objects\Isodata.Objects.csproj", "{DE1342D9-4E36-4D46-B8D9-4157E5E45EF7}"
EndProject
Global
	GlobalSection(SolutionConfigurationPlatforms) = preSolution
		Debug|Any CPU = Debug|Any CPU
		Release|Any CPU = Release|Any CPU
	EndGlobalSection
	GlobalSection(ProjectConfigurationPlatforms) = postSolution
		{9E3E9A96-0DF5-4521-950D-B6E302EAE61B}.Debug|Any CPU.ActiveCfg = Debug|Any CPU
		{9E3E9A96-0DF5-4521-950D-B6E302EAE61B}.Debug|Any CPU.Build.0 = Debug|Any CPU
		{9E3E9A96-0DF5-4521-950D-B6E302EAE61B}.Release|Any CPU.ActiveCfg = Release|Any CPU
		{9E3E9A96-0DF5-4521-950D-B6E302EAE61B}.Release|Any CPU.Build.0 = Release|Any CPU
		{EE531A5C-60A9-48D6-AC4C-FCDE12DDC4D8}.Debug|Any CPU.ActiveCfg = Debug|Any CPU
		{EE531A5C-60A9-48D6-AC4C-FCDE12DDC4D8}.Debug|Any CPU.Build.0 = Debug|Any CPU
		{EE531A5C-60A9-48D6-AC4C-FCDE12DDC4D8}.Release|Any CPU.ActiveCfg = Release|Any CPU
		{EE531A5C-60A9-48D6-AC4C-FCDE12DDC4D8}.Release|Any CPU.Build.0 = Release|Any CPU
		{96BD2CA5-FD08-41F1-AABF-AB749BA05030}.Debug|Any CPU.ActiveCfg = Debug|Any CPU
		{96BD2CA5-FD08-41F1-AABF-AB749BA05030}.Debug|Any CPU.Build.0 = Debug|Any CPU
		{96BD2CA5-FD08-41F1-AABF-AB749BA05030}.Release|Any CPU.ActiveCfg = Release|Any CPU
		{96BD2CA5-FD08-41F1-AABF-AB749BA05030}.Release|Any CPU.Build.0 = Release|Any CPU
		{DE1342D9-4E36-4D46-B8D9-4157E5E45EF7}.Debug|Any CPU.ActiveCfg = Debug|Any CPU
		{DE1342D9-4E36-4D46-B8D9-4157E5E45EF7}.Debug|Any CPU.Build.0 = Debug|Any CPU
		{DE1342D9-4E36-4D46-B8D9-4157E5E45EF7}.Release|Any CPU.ActiveCfg = Release|Any CPU
		{DE1342D9-4E36-4D46-B8D9-4157E5E45EF7}.Release|Any CPU.Build.0 = Release|Any CPU
	EndGlobalSection
	GlobalSection(SolutionProperties) = preSolution
		HideSolutionNode = FALSE
	EndGlobalSection
	GlobalSection(NestedProjects) = preSolution
		{526A98E1-0817-4BE4-949C-445C55A7BA85} = {4A7DB9EC-EE70-401A-AE2E-E557A2562BFF}
		{9E3E9A96-0DF5-4521-950D-B6E302EAE61B} = {526A98E1-0817-4BE4-949C-445C55A7BA85}
		{EE531A5C-60A9-48D6-AC4C-FCDE12DDC4D8} = {526A98E1-0817-4BE4-949C-445C55A7BA85}
		{96BD2CA5-FD08-41F1-AABF-AB749BA05030} = {526A98E1-0817-4BE4-949C-445C55A7BA85}
		{DE1342D9-4E36-4D46-B8D9-4157E5E45EF7} = {526A98E1-0817-4BE4-949C-445C55A7BA85}
	EndGlobalSection
	GlobalSection(ExtensibilityGlobals) = postSolution
		SolutionGuid = {0DF4ED1A-F495-4CAC-9DE6-262C7DBACA55}
	EndGlobalSection
EndGlobal
