
Microsoft Visual Studio Solution File, Format Version 12.00
# Visual Studio 15
VisualStudioVersion = 15.0.27428.2043
MinimumVisualStudioVersion = 10.0.40219.1
Project("{2150E333-8FDC-42A3-9474-1A3956D46DE8}") = "Libs", "Libs", "{4A7DB9EC-EE70-401A-AE2E-E557A2562BFF}"
EndProject
Project("{2150E333-8FDC-42A3-9474-1A3956D46DE8}") = "Isodata", "Isodata", "{526A98E1-0817-4BE4-949C-445C55A7BA85}"
EndProject
Project("{FAE04EC0-301F-11D3-BF4B-00C04F79EFBC}") = "Isodata", "Libs\Isodata\Isodata\Isodata.csproj", "{9E3E9A96-0DF5-4521-950D-B6E302EAE61B}"
EndProject
Project("{FAE04EC0-301F-11D3-BF4B-00C04F79EFBC}") = "Isodata.Abstraction", "Libs\Isodata\Isodata.Abstraction\Isodata.Abstraction.csproj", "{EE531A5C-60A9-48D6-AC4C-FCDE12DDC4D8}"
EndProject
Project("{FAE04EC0-301F-11D3-BF4B-00C04F79EFBC}") = "Isodata.Helpers", "Libs\Isodata\Isodata.Helpers\Isodata.Helpers.csproj", "{96BD2CA5-FD08-41F1-AABF-AB749BA05030}"
EndProject
Project("{FAE04EC0-301F-11D3-BF4B-00C04F79EFBC}") = "Isodata.Objects", "Libs\Isodata\Isodata.Objects\Isodata.Objects.csproj", "{DE1342D9-4E36-4D46-B8D9-4157E5E45EF7}"
EndProject
Project("{2150E333-8FDC-42A3-9474-1A3956D46DE8}") = "Bus", "Bus", "{50EF5744-91AD-4577-8849-83DD3A18DB4B}"
EndProject
Project("{FAE04EC0-301F-11D3-BF4B-00C04F79EFBC}") = "BusManager.Abstraction", "Bus\BusManager.Abstraction\BusManager.Abstraction.csproj", "{55971C24-8B75-428F-9FD9-6624DBC53229}"
EndProject
Project("{FAE04EC0-301F-11D3-BF4B-00C04F79EFBC}") = "BusManager", "Bus\BusManager\BusManager.csproj", "{0D3BD373-7594-43A9-8DE8-68B771876562}"
EndProject
Project("{FAE04EC0-301F-11D3-BF4B-00C04F79EFBC}") = "BusContracts", "Bus\BusContracts\BusContracts.csproj", "{A745DA87-1A5D-4390-86F3-0395F8CC783D}"
EndProject
Project("{2150E333-8FDC-42A3-9474-1A3956D46DE8}") = "Services", "Services", "{850CBE39-112E-4CDC-A4FC-36F39135A40E}"
EndProject
Project("{2150E333-8FDC-42A3-9474-1A3956D46DE8}") = "Common", "Common", "{3ED08423-F49A-4548-9738-D31C40460D40}"
EndProject
Project("{FAE04EC0-301F-11D3-BF4B-00C04F79EFBC}") = "Common.Enums", "Common\Common.Enums\Common.Enums.csproj", "{D695AC71-EFDF-45D5-A818-C0E0A84DDCE3}"
EndProject
Project("{2150E333-8FDC-42A3-9474-1A3956D46DE8}") = "DataNormalizationService", "DataNormalizationService", "{345A064A-2D66-4B69-9911-E1DD26256C6B}"
EndProject
Project("{FAE04EC0-301F-11D3-BF4B-00C04F79EFBC}") = "DataNormalizationService", "Services\DataNormalizationService\DataNormalizationService\DataNormalizationService.csproj", "{7CB3B52D-B63D-4EB3-98E1-A4EC8C283057}"
EndProject
Project("{FAE04EC0-301F-11D3-BF4B-00C04F79EFBC}") = "Common.Objects", "Common\Common.Objects\Common.Objects.csproj", "{8CBF0AE8-CDC9-4CBE-9CDC-2734BF8BA636}"
EndProject
Project("{FAE04EC0-301F-11D3-BF4B-00C04F79EFBC}") = "Common.Constants", "Common\Common.Constants\Common.Constants.csproj", "{C7564C11-CA5D-4AC7-B1E8-9D18422B830D}"
EndProject
Project("{FAE04EC0-301F-11D3-BF4B-00C04F79EFBC}") = "Common.Helpers", "Common\Common.Helpers\Common.Helpers.csproj", "{1C3EA9CA-822E-4C74-8207-0EC7BD98DCB8}"
EndProject
Project("{FAE04EC0-301F-11D3-BF4B-00C04F79EFBC}") = "Common.PointsReaders", "Common\Common.PointsReaders\Common.PointsReaders.csproj", "{078146E0-F13F-4BF8-A883-75A598ADA16D}"
EndProject
Project("{2150E333-8FDC-42A3-9474-1A3956D46DE8}") = "DeterminingPhenomenonService", "DeterminingPhenomenonService", "{C41EF321-EEEB-4A6E-8FED-B94EDE613F6F}"
EndProject
Project("{FAE04EC0-301F-11D3-BF4B-00C04F79EFBC}") = "DeterminingPhenomenonService", "Services\DeterminingPhenomenonService\DeterminingPhenomenonService.csproj", "{76E4992C-BC28-4CF6-B36E-7D73EE2FAFA1}"
EndProject
Project("{2150E333-8FDC-42A3-9474-1A3956D46DE8}") = "Stubs", "Stubs", "{FA45EED6-1925-4E44-968E-36BAE32B4296}"
EndProject
Project("{FAE04EC0-301F-11D3-BF4B-00C04F79EFBC}") = "NormalizationServiceStub", "Stubs\NormalizationServiceStub\NormalizationServiceStub.csproj", "{1C08B337-902C-4CC5-8CBB-348072A3208D}"
EndProject
Project("{FAE04EC0-301F-11D3-BF4B-00C04F79EFBC}") = "DrawImageLibrary", "Libs\DrawImageLibrary\DrawImageLibrary.csproj", "{AA665EFE-94C5-4F93-BA1D-F06180E97CE1}"
EndProject
Project("{2150E333-8FDC-42A3-9474-1A3956D46DE8}") = "CharacterizationService", "CharacterizationService", "{04902A6A-3773-4968-81A4-E2D0E30A99DB}"
EndProject
Project("{FAE04EC0-301F-11D3-BF4B-00C04F79EFBC}") = "CharacterizationService", "Services\CharacterizationService\CharacterizationService\CharacterizationService.csproj", "{8770C708-6296-4128-8230-92FC819D0193}"
EndProject
Project("{FAE04EC0-301F-11D3-BF4B-00C04F79EFBC}") = "CharacterizationServiceStub", "Stubs\CharacterizationServiceStub\CharacterizationServiceStub.csproj", "{0FD31E79-3D68-465D-87FD-CCFD92539C79}"
EndProject
Global
	GlobalSection(SolutionConfigurationPlatforms) = preSolution
		Debug|Any CPU = Debug|Any CPU
		Release|Any CPU = Release|Any CPU
	EndGlobalSection
	GlobalSection(ProjectConfigurationPlatforms) = postSolution
		{9E3E9A96-0DF5-4521-950D-B6E302EAE61B}.Debug|Any CPU.ActiveCfg = Debug|Any CPU
		{9E3E9A96-0DF5-4521-950D-B6E302EAE61B}.Debug|Any CPU.Build.0 = Debug|Any CPU
		{9E3E9A96-0DF5-4521-950D-B6E302EAE61B}.Release|Any CPU.ActiveCfg = Release|Any CPU
		{9E3E9A96-0DF5-4521-950D-B6E302EAE61B}.Release|Any CPU.Build.0 = Release|Any CPU
		{EE531A5C-60A9-48D6-AC4C-FCDE12DDC4D8}.Debug|Any CPU.ActiveCfg = Debug|Any CPU
		{EE531A5C-60A9-48D6-AC4C-FCDE12DDC4D8}.Debug|Any CPU.Build.0 = Debug|Any CPU
		{EE531A5C-60A9-48D6-AC4C-FCDE12DDC4D8}.Release|Any CPU.ActiveCfg = Release|Any CPU
		{EE531A5C-60A9-48D6-AC4C-FCDE12DDC4D8}.Release|Any CPU.Build.0 = Release|Any CPU
		{96BD2CA5-FD08-41F1-AABF-AB749BA05030}.Debug|Any CPU.ActiveCfg = Debug|Any CPU
		{96BD2CA5-FD08-41F1-AABF-AB749BA05030}.Debug|Any CPU.Build.0 = Debug|Any CPU
		{96BD2CA5-FD08-41F1-AABF-AB749BA05030}.Release|Any CPU.ActiveCfg = Release|Any CPU
		{96BD2CA5-FD08-41F1-AABF-AB749BA05030}.Release|Any CPU.Build.0 = Release|Any CPU
		{DE1342D9-4E36-4D46-B8D9-4157E5E45EF7}.Debug|Any CPU.ActiveCfg = Debug|Any CPU
		{DE1342D9-4E36-4D46-B8D9-4157E5E45EF7}.Debug|Any CPU.Build.0 = Debug|Any CPU
		{DE1342D9-4E36-4D46-B8D9-4157E5E45EF7}.Release|Any CPU.ActiveCfg = Release|Any CPU
		{DE1342D9-4E36-4D46-B8D9-4157E5E45EF7}.Release|Any CPU.Build.0 = Release|Any CPU
		{55971C24-8B75-428F-9FD9-6624DBC53229}.Debug|Any CPU.ActiveCfg = Debug|Any CPU
		{55971C24-8B75-428F-9FD9-6624DBC53229}.Debug|Any CPU.Build.0 = Debug|Any CPU
		{55971C24-8B75-428F-9FD9-6624DBC53229}.Release|Any CPU.ActiveCfg = Release|Any CPU
		{55971C24-8B75-428F-9FD9-6624DBC53229}.Release|Any CPU.Build.0 = Release|Any CPU
		{0D3BD373-7594-43A9-8DE8-68B771876562}.Debug|Any CPU.ActiveCfg = Debug|Any CPU
		{0D3BD373-7594-43A9-8DE8-68B771876562}.Debug|Any CPU.Build.0 = Debug|Any CPU
		{0D3BD373-7594-43A9-8DE8-68B771876562}.Release|Any CPU.ActiveCfg = Release|Any CPU
		{0D3BD373-7594-43A9-8DE8-68B771876562}.Release|Any CPU.Build.0 = Release|Any CPU
		{A745DA87-1A5D-4390-86F3-0395F8CC783D}.Debug|Any CPU.ActiveCfg = Debug|Any CPU
		{A745DA87-1A5D-4390-86F3-0395F8CC783D}.Debug|Any CPU.Build.0 = Debug|Any CPU
		{A745DA87-1A5D-4390-86F3-0395F8CC783D}.Release|Any CPU.ActiveCfg = Release|Any CPU
		{A745DA87-1A5D-4390-86F3-0395F8CC783D}.Release|Any CPU.Build.0 = Release|Any CPU
		{D695AC71-EFDF-45D5-A818-C0E0A84DDCE3}.Debug|Any CPU.ActiveCfg = Debug|Any CPU
		{D695AC71-EFDF-45D5-A818-C0E0A84DDCE3}.Debug|Any CPU.Build.0 = Debug|Any CPU
		{D695AC71-EFDF-45D5-A818-C0E0A84DDCE3}.Release|Any CPU.ActiveCfg = Release|Any CPU
		{D695AC71-EFDF-45D5-A818-C0E0A84DDCE3}.Release|Any CPU.Build.0 = Release|Any CPU
		{7CB3B52D-B63D-4EB3-98E1-A4EC8C283057}.Debug|Any CPU.ActiveCfg = Debug|Any CPU
		{7CB3B52D-B63D-4EB3-98E1-A4EC8C283057}.Debug|Any CPU.Build.0 = Debug|Any CPU
		{7CB3B52D-B63D-4EB3-98E1-A4EC8C283057}.Release|Any CPU.ActiveCfg = Release|Any CPU
		{7CB3B52D-B63D-4EB3-98E1-A4EC8C283057}.Release|Any CPU.Build.0 = Release|Any CPU
		{8CBF0AE8-CDC9-4CBE-9CDC-2734BF8BA636}.Debug|Any CPU.ActiveCfg = Debug|Any CPU
		{8CBF0AE8-CDC9-4CBE-9CDC-2734BF8BA636}.Debug|Any CPU.Build.0 = Debug|Any CPU
		{8CBF0AE8-CDC9-4CBE-9CDC-2734BF8BA636}.Release|Any CPU.ActiveCfg = Release|Any CPU
		{8CBF0AE8-CDC9-4CBE-9CDC-2734BF8BA636}.Release|Any CPU.Build.0 = Release|Any CPU
		{C7564C11-CA5D-4AC7-B1E8-9D18422B830D}.Debug|Any CPU.ActiveCfg = Debug|Any CPU
		{C7564C11-CA5D-4AC7-B1E8-9D18422B830D}.Debug|Any CPU.Build.0 = Debug|Any CPU
		{C7564C11-CA5D-4AC7-B1E8-9D18422B830D}.Release|Any CPU.ActiveCfg = Release|Any CPU
		{C7564C11-CA5D-4AC7-B1E8-9D18422B830D}.Release|Any CPU.Build.0 = Release|Any CPU
		{1C3EA9CA-822E-4C74-8207-0EC7BD98DCB8}.Debug|Any CPU.ActiveCfg = Debug|Any CPU
		{1C3EA9CA-822E-4C74-8207-0EC7BD98DCB8}.Debug|Any CPU.Build.0 = Debug|Any CPU
		{1C3EA9CA-822E-4C74-8207-0EC7BD98DCB8}.Release|Any CPU.ActiveCfg = Release|Any CPU
		{1C3EA9CA-822E-4C74-8207-0EC7BD98DCB8}.Release|Any CPU.Build.0 = Release|Any CPU
		{078146E0-F13F-4BF8-A883-75A598ADA16D}.Debug|Any CPU.ActiveCfg = Debug|Any CPU
		{078146E0-F13F-4BF8-A883-75A598ADA16D}.Debug|Any CPU.Build.0 = Debug|Any CPU
		{078146E0-F13F-4BF8-A883-75A598ADA16D}.Release|Any CPU.ActiveCfg = Release|Any CPU
		{078146E0-F13F-4BF8-A883-75A598ADA16D}.Release|Any CPU.Build.0 = Release|Any CPU
		{76E4992C-BC28-4CF6-B36E-7D73EE2FAFA1}.Debug|Any CPU.ActiveCfg = Debug|Any CPU
		{76E4992C-BC28-4CF6-B36E-7D73EE2FAFA1}.Debug|Any CPU.Build.0 = Debug|Any CPU
		{76E4992C-BC28-4CF6-B36E-7D73EE2FAFA1}.Release|Any CPU.ActiveCfg = Release|Any CPU
		{76E4992C-BC28-4CF6-B36E-7D73EE2FAFA1}.Release|Any CPU.Build.0 = Release|Any CPU
		{1C08B337-902C-4CC5-8CBB-348072A3208D}.Debug|Any CPU.ActiveCfg = Debug|Any CPU
		{1C08B337-902C-4CC5-8CBB-348072A3208D}.Debug|Any CPU.Build.0 = Debug|Any CPU
		{1C08B337-902C-4CC5-8CBB-348072A3208D}.Release|Any CPU.ActiveCfg = Release|Any CPU
		{1C08B337-902C-4CC5-8CBB-348072A3208D}.Release|Any CPU.Build.0 = Release|Any CPU
		{AA665EFE-94C5-4F93-BA1D-F06180E97CE1}.Debug|Any CPU.ActiveCfg = Debug|Any CPU
		{AA665EFE-94C5-4F93-BA1D-F06180E97CE1}.Debug|Any CPU.Build.0 = Debug|Any CPU
		{AA665EFE-94C5-4F93-BA1D-F06180E97CE1}.Release|Any CPU.ActiveCfg = Release|Any CPU
		{AA665EFE-94C5-4F93-BA1D-F06180E97CE1}.Release|Any CPU.Build.0 = Release|Any CPU
		{8770C708-6296-4128-8230-92FC819D0193}.Debug|Any CPU.ActiveCfg = Debug|Any CPU
		{8770C708-6296-4128-8230-92FC819D0193}.Debug|Any CPU.Build.0 = Debug|Any CPU
		{8770C708-6296-4128-8230-92FC819D0193}.Release|Any CPU.ActiveCfg = Release|Any CPU
		{8770C708-6296-4128-8230-92FC819D0193}.Release|Any CPU.Build.0 = Release|Any CPU
		{0FD31E79-3D68-465D-87FD-CCFD92539C79}.Debug|Any CPU.ActiveCfg = Debug|Any CPU
		{0FD31E79-3D68-465D-87FD-CCFD92539C79}.Debug|Any CPU.Build.0 = Debug|Any CPU
		{0FD31E79-3D68-465D-87FD-CCFD92539C79}.Release|Any CPU.ActiveCfg = Release|Any CPU
		{0FD31E79-3D68-465D-87FD-CCFD92539C79}.Release|Any CPU.Build.0 = Release|Any CPU
	EndGlobalSection
	GlobalSection(SolutionProperties) = preSolution
		HideSolutionNode = FALSE
	EndGlobalSection
	GlobalSection(NestedProjects) = preSolution
		{526A98E1-0817-4BE4-949C-445C55A7BA85} = {4A7DB9EC-EE70-401A-AE2E-E557A2562BFF}
		{9E3E9A96-0DF5-4521-950D-B6E302EAE61B} = {526A98E1-0817-4BE4-949C-445C55A7BA85}
		{EE531A5C-60A9-48D6-AC4C-FCDE12DDC4D8} = {526A98E1-0817-4BE4-949C-445C55A7BA85}
		{96BD2CA5-FD08-41F1-AABF-AB749BA05030} = {526A98E1-0817-4BE4-949C-445C55A7BA85}
		{DE1342D9-4E36-4D46-B8D9-4157E5E45EF7} = {526A98E1-0817-4BE4-949C-445C55A7BA85}
		{55971C24-8B75-428F-9FD9-6624DBC53229} = {50EF5744-91AD-4577-8849-83DD3A18DB4B}
		{0D3BD373-7594-43A9-8DE8-68B771876562} = {50EF5744-91AD-4577-8849-83DD3A18DB4B}
		{A745DA87-1A5D-4390-86F3-0395F8CC783D} = {50EF5744-91AD-4577-8849-83DD3A18DB4B}
		{D695AC71-EFDF-45D5-A818-C0E0A84DDCE3} = {3ED08423-F49A-4548-9738-D31C40460D40}
		{345A064A-2D66-4B69-9911-E1DD26256C6B} = {850CBE39-112E-4CDC-A4FC-36F39135A40E}
		{7CB3B52D-B63D-4EB3-98E1-A4EC8C283057} = {345A064A-2D66-4B69-9911-E1DD26256C6B}
		{8CBF0AE8-CDC9-4CBE-9CDC-2734BF8BA636} = {3ED08423-F49A-4548-9738-D31C40460D40}
		{C7564C11-CA5D-4AC7-B1E8-9D18422B830D} = {3ED08423-F49A-4548-9738-D31C40460D40}
		{1C3EA9CA-822E-4C74-8207-0EC7BD98DCB8} = {3ED08423-F49A-4548-9738-D31C40460D40}
		{078146E0-F13F-4BF8-A883-75A598ADA16D} = {3ED08423-F49A-4548-9738-D31C40460D40}
		{C41EF321-EEEB-4A6E-8FED-B94EDE613F6F} = {850CBE39-112E-4CDC-A4FC-36F39135A40E}
		{76E4992C-BC28-4CF6-B36E-7D73EE2FAFA1} = {C41EF321-EEEB-4A6E-8FED-B94EDE613F6F}
		{1C08B337-902C-4CC5-8CBB-348072A3208D} = {FA45EED6-1925-4E44-968E-36BAE32B4296}
		{AA665EFE-94C5-4F93-BA1D-F06180E97CE1} = {4A7DB9EC-EE70-401A-AE2E-E557A2562BFF}
		{04902A6A-3773-4968-81A4-E2D0E30A99DB} = {850CBE39-112E-4CDC-A4FC-36F39135A40E}
		{8770C708-6296-4128-8230-92FC819D0193} = {04902A6A-3773-4968-81A4-E2D0E30A99DB}
		{0FD31E79-3D68-465D-87FD-CCFD92539C79} = {FA45EED6-1925-4E44-968E-36BAE32B4296}
	EndGlobalSection
	GlobalSection(ExtensibilityGlobals) = postSolution
		SolutionGuid = {0DF4ED1A-F495-4CAC-9DE6-262C7DBACA55}
	EndGlobalSection
EndGlobal
